
Microsoft Visual Studio Solution File, Format Version 12.00
# Visual Studio Version 17
VisualStudioVersion = 17.9.34714.143
MinimumVisualStudioVersion = 10.0.40219.1
Project("{FAE04EC0-301F-11D3-BF4B-00C04F79EFBC}") = "WinFormsApp1", "WinFormsApp1\WinFormsApp1.csproj", "{4514CD77-A22B-4C4C-B6DF-37996E602B56}"
EndProject
Global
	GlobalSection(SolutionConfigurationPlatforms) = preSolution
		Debug|Any CPU = Debug|Any CPU
		Release|Any CPU = Release|Any CPU
	EndGlobalSection
	GlobalSection(ProjectConfigurationPlatforms) = postSolution
		{4514CD77-A22B-4C4C-B6DF-37996E602B56}.Debug|Any CPU.ActiveCfg = Debug|Any CPU
		{4514CD77-A22B-4C4C-B6DF-37996E602B56}.Debug|Any CPU.Build.0 = Debug|Any CPU
		{4514CD77-A22B-4C4C-B6DF-37996E602B56}.Release|Any CPU.ActiveCfg = Release|Any CPU
		{4514CD77-A22B-4C4C-B6DF-37996E602B56}.Release|Any CPU.Build.0 = Release|Any CPU
	EndGlobalSection
	GlobalSection(SolutionProperties) = preSolution
		HideSolutionNode = FALSE
	EndGlobalSection
	GlobalSection(ExtensibilityGlobals) = postSolution
		SolutionGuid = {489F83EE-6AE0-4E92-B67D-FB5E425D67E1}
	EndGlobalSection
EndGlobal
